// !$*UTF8*$!
{
	archiveVersion = 1;
	classes = {
	};
	objectVersion = 48;
	objects = {

/* Begin PBXBuildFile section */
		FE3BFDDF1FBABD2B00C09E72 /* QuickTable.swift in Sources */ = {isa = PBXBuildFile; fileRef = FE3BFDDE1FBABD2B00C09E72 /* QuickTable.swift */; };
		FE3BFDE11FBABD4A00C09E72 /* QuickTable.xib in Resources */ = {isa = PBXBuildFile; fileRef = FE3BFDE01FBABD4A00C09E72 /* QuickTable.xib */; };
		FE3D9DA51FBF1D00000382A9 /* CssParser.swift in Sources */ = {isa = PBXBuildFile; fileRef = FE3D9DA01FBF1D00000382A9 /* CssParser.swift */; };
		FE3D9DA61FBF1D00000382A9 /* SwiftCSS.swift in Sources */ = {isa = PBXBuildFile; fileRef = FE3D9DA11FBF1D00000382A9 /* SwiftCSS.swift */; };
		FE3D9DA71FBF1D00000382A9 /* CssLexer.swift in Sources */ = {isa = PBXBuildFile; fileRef = FE3D9DA21FBF1D00000382A9 /* CssLexer.swift */; };
		FE3D9DA81FBF1D00000382A9 /* SwiftDeviceCss.swift in Sources */ = {isa = PBXBuildFile; fileRef = FE3D9DA31FBF1D00000382A9 /* SwiftDeviceCss.swift */; };
		FE3D9DA91FBF1D00000382A9 /* SwiftCssTheme.swift in Sources */ = {isa = PBXBuildFile; fileRef = FE3D9DA41FBF1D00000382A9 /* SwiftCssTheme.swift */; };
		FE3D9DAB1FBF1D5A000382A9 /* UIColorExtension.swift in Sources */ = {isa = PBXBuildFile; fileRef = FE3D9DAA1FBF1D5A000382A9 /* UIColorExtension.swift */; };
		FEBE56041FBAC45700BD5388 /* TableCell.swift in Sources */ = {isa = PBXBuildFile; fileRef = FEBE56021FBAC45700BD5388 /* TableCell.swift */; };
		FEBE56051FBAC45700BD5388 /* TableCell.xib in Resources */ = {isa = PBXBuildFile; fileRef = FEBE56031FBAC45700BD5388 /* TableCell.xib */; };
		FEF682F81FB9818100020845 /* AppDelegate.swift in Sources */ = {isa = PBXBuildFile; fileRef = FEF682F71FB9818100020845 /* AppDelegate.swift */; };
		FEF682FA1FB9818100020845 /* ViewController.swift in Sources */ = {isa = PBXBuildFile; fileRef = FEF682F91FB9818100020845 /* ViewController.swift */; };
		FEF682FD1FB9818100020845 /* Main.storyboard in Resources */ = {isa = PBXBuildFile; fileRef = FEF682FB1FB9818100020845 /* Main.storyboard */; };
		FEF682FF1FB9818100020845 /* Assets.xcassets in Resources */ = {isa = PBXBuildFile; fileRef = FEF682FE1FB9818100020845 /* Assets.xcassets */; };
		FEF683021FB9818100020845 /* LaunchScreen.storyboard in Resources */ = {isa = PBXBuildFile; fileRef = FEF683001FB9818100020845 /* LaunchScreen.storyboard */; };
		FEFD0D231FB98B6A006B56AA /* libxmlHTMLNode.swift in Sources */ = {isa = PBXBuildFile; fileRef = FEFD0D1B1FB98B6A006B56AA /* libxmlHTMLNode.swift */; };
		FEFD0D241FB98B6A006B56AA /* CSS.swift in Sources */ = {isa = PBXBuildFile; fileRef = FEFD0D1C1FB98B6A006B56AA /* CSS.swift */; };
		FEFD0D251FB98B6A006B56AA /* libxmlHTMLDocument.swift in Sources */ = {isa = PBXBuildFile; fileRef = FEFD0D1D1FB98B6A006B56AA /* libxmlHTMLDocument.swift */; };
		FEFD0D261FB98B6A006B56AA /* libxmlParserOption.swift in Sources */ = {isa = PBXBuildFile; fileRef = FEFD0D1E1FB98B6A006B56AA /* libxmlParserOption.swift */; };
		FEFD0D271FB98B6A006B56AA /* Kanna.swift in Sources */ = {isa = PBXBuildFile; fileRef = FEFD0D221FB98B6A006B56AA /* Kanna.swift */; };
/* End PBXBuildFile section */

/* Begin PBXFileReference section */
		FE3BFDDE1FBABD2B00C09E72 /* QuickTable.swift */ = {isa = PBXFileReference; lastKnownFileType = sourcecode.swift; path = QuickTable.swift; sourceTree = "<group>"; };
		FE3BFDE01FBABD4A00C09E72 /* QuickTable.xib */ = {isa = PBXFileReference; lastKnownFileType = file.xib; path = QuickTable.xib; sourceTree = "<group>"; };
		FE3D9DA01FBF1D00000382A9 /* CssParser.swift */ = {isa = PBXFileReference; fileEncoding = 4; lastKnownFileType = sourcecode.swift; path = CssParser.swift; sourceTree = "<group>"; };
		FE3D9DA11FBF1D00000382A9 /* SwiftCSS.swift */ = {isa = PBXFileReference; fileEncoding = 4; lastKnownFileType = sourcecode.swift; path = SwiftCSS.swift; sourceTree = "<group>"; };
		FE3D9DA21FBF1D00000382A9 /* CssLexer.swift */ = {isa = PBXFileReference; fileEncoding = 4; lastKnownFileType = sourcecode.swift; path = CssLexer.swift; sourceTree = "<group>"; };
		FE3D9DA31FBF1D00000382A9 /* SwiftDeviceCss.swift */ = {isa = PBXFileReference; fileEncoding = 4; lastKnownFileType = sourcecode.swift; path = SwiftDeviceCss.swift; sourceTree = "<group>"; };
		FE3D9DA41FBF1D00000382A9 /* SwiftCssTheme.swift */ = {isa = PBXFileReference; fileEncoding = 4; lastKnownFileType = sourcecode.swift; path = SwiftCssTheme.swift; sourceTree = "<group>"; };
		FE3D9DAA1FBF1D5A000382A9 /* UIColorExtension.swift */ = {isa = PBXFileReference; fileEncoding = 4; lastKnownFileType = sourcecode.swift; path = UIColorExtension.swift; sourceTree = "<group>"; };
		FEBE56021FBAC45700BD5388 /* TableCell.swift */ = {isa = PBXFileReference; fileEncoding = 4; lastKnownFileType = sourcecode.swift; path = TableCell.swift; sourceTree = "<group>"; };
		FEBE56031FBAC45700BD5388 /* TableCell.xib */ = {isa = PBXFileReference; fileEncoding = 4; lastKnownFileType = file.xib; path = TableCell.xib; sourceTree = "<group>"; };
		FEF682F41FB9818100020845 /* quickTables.app */ = {isa = PBXFileReference; explicitFileType = wrapper.application; includeInIndex = 0; path = quickTables.app; sourceTree = BUILT_PRODUCTS_DIR; };
		FEF682F71FB9818100020845 /* AppDelegate.swift */ = {isa = PBXFileReference; lastKnownFileType = sourcecode.swift; path = AppDelegate.swift; sourceTree = "<group>"; };
		FEF682F91FB9818100020845 /* ViewController.swift */ = {isa = PBXFileReference; lastKnownFileType = sourcecode.swift; path = ViewController.swift; sourceTree = "<group>"; };
		FEF682FC1FB9818100020845 /* Base */ = {isa = PBXFileReference; lastKnownFileType = file.storyboard; name = Base; path = Base.lproj/Main.storyboard; sourceTree = "<group>"; };
		FEF682FE1FB9818100020845 /* Assets.xcassets */ = {isa = PBXFileReference; lastKnownFileType = folder.assetcatalog; path = Assets.xcassets; sourceTree = "<group>"; };
		FEF683011FB9818100020845 /* Base */ = {isa = PBXFileReference; lastKnownFileType = file.storyboard; name = Base; path = Base.lproj/LaunchScreen.storyboard; sourceTree = "<group>"; };
		FEF683031FB9818100020845 /* Info.plist */ = {isa = PBXFileReference; lastKnownFileType = text.plist.xml; path = Info.plist; sourceTree = "<group>"; };
		FEFD0D1B1FB98B6A006B56AA /* libxmlHTMLNode.swift */ = {isa = PBXFileReference; fileEncoding = 4; lastKnownFileType = sourcecode.swift; path = libxmlHTMLNode.swift; sourceTree = "<group>"; };
		FEFD0D1C1FB98B6A006B56AA /* CSS.swift */ = {isa = PBXFileReference; fileEncoding = 4; lastKnownFileType = sourcecode.swift; path = CSS.swift; sourceTree = "<group>"; };
		FEFD0D1D1FB98B6A006B56AA /* libxmlHTMLDocument.swift */ = {isa = PBXFileReference; fileEncoding = 4; lastKnownFileType = sourcecode.swift; path = libxmlHTMLDocument.swift; sourceTree = "<group>"; };
		FEFD0D1E1FB98B6A006B56AA /* libxmlParserOption.swift */ = {isa = PBXFileReference; fileEncoding = 4; lastKnownFileType = sourcecode.swift; path = libxmlParserOption.swift; sourceTree = "<group>"; };
		FEFD0D201FB98B6A006B56AA /* libxml2-kanna.h */ = {isa = PBXFileReference; fileEncoding = 4; lastKnownFileType = sourcecode.c.h; path = "libxml2-kanna.h"; sourceTree = "<group>"; };
		FEFD0D211FB98B6A006B56AA /* module.modulemap */ = {isa = PBXFileReference; fileEncoding = 4; lastKnownFileType = "sourcecode.module-map"; path = module.modulemap; sourceTree = "<group>"; };
		FEFD0D221FB98B6A006B56AA /* Kanna.swift */ = {isa = PBXFileReference; fileEncoding = 4; lastKnownFileType = sourcecode.swift; path = Kanna.swift; sourceTree = "<group>"; };
		FEFD0D291FB9A589006B56AA /* libxml2.tbd */ = {isa = PBXFileReference; lastKnownFileType = "sourcecode.text-based-dylib-definition"; name = libxml2.tbd; path = usr/lib/libxml2.tbd; sourceTree = SDKROOT; };
		FEFD0D301FB9A709006B56AA /* libxml2.2.tbd */ = {isa = PBXFileReference; lastKnownFileType = "sourcecode.text-based-dylib-definition"; name = libxml2.2.tbd; path = usr/lib/libxml2.2.tbd; sourceTree = SDKROOT; };
/* End PBXFileReference section */

/* Begin PBXFrameworksBuildPhase section */
		FEF682F11FB9818100020845 /* Frameworks */ = {
			isa = PBXFrameworksBuildPhase;
			buildActionMask = 2147483647;
			files = (
			);
			runOnlyForDeploymentPostprocessing = 0;
		};
/* End PBXFrameworksBuildPhase section */

/* Begin PBXGroup section */
		FE3D9D9F1FBF1CE2000382A9 /* SwiftCSSParser */ = {
			isa = PBXGroup;
			children = (
				FE3D9DA21FBF1D00000382A9 /* CssLexer.swift */,
				FE3D9DA01FBF1D00000382A9 /* CssParser.swift */,
				FE3D9DA11FBF1D00000382A9 /* SwiftCSS.swift */,
				FE3D9DA41FBF1D00000382A9 /* SwiftCssTheme.swift */,
				FE3D9DA31FBF1D00000382A9 /* SwiftDeviceCss.swift */,
				FE3D9DAA1FBF1D5A000382A9 /* UIColorExtension.swift */,
			);
			path = SwiftCSSParser;
			sourceTree = "<group>";
		};
		FEF682EB1FB9818100020845 = {
			isa = PBXGroup;
			children = (
				FEF682F61FB9818100020845 /* quickTables */,
				FEF682F51FB9818100020845 /* Products */,
				FEFD0D281FB9A589006B56AA /* Frameworks */,
			);
			sourceTree = "<group>";
		};
		FEF682F51FB9818100020845 /* Products */ = {
			isa = PBXGroup;
			children = (
				FEF682F41FB9818100020845 /* quickTables.app */,
			);
			name = Products;
			sourceTree = "<group>";
		};
		FEF682F61FB9818100020845 /* quickTables */ = {
			isa = PBXGroup;
			children = (
				FEF682F71FB9818100020845 /* AppDelegate.swift */,
				FEF682F91FB9818100020845 /* ViewController.swift */,
				FE3BFDDE1FBABD2B00C09E72 /* QuickTable.swift */,
				FE3BFDE01FBABD4A00C09E72 /* QuickTable.xib */,
				FEBE56021FBAC45700BD5388 /* TableCell.swift */,
				FEBE56031FBAC45700BD5388 /* TableCell.xib */,
				FEF682FB1FB9818100020845 /* Main.storyboard */,
				FEF682FE1FB9818100020845 /* Assets.xcassets */,
				FEF683001FB9818100020845 /* LaunchScreen.storyboard */,
				FEF683031FB9818100020845 /* Info.plist */,
				FE3D9D9F1FBF1CE2000382A9 /* SwiftCSSParser */,
				FEFD0D1A1FB98B6A006B56AA /* Kanna */,
			);
			path = quickTables;
			sourceTree = "<group>";
		};
		FEFD0D1A1FB98B6A006B56AA /* Kanna */ = {
			isa = PBXGroup;
			children = (
				FEFD0D1B1FB98B6A006B56AA /* libxmlHTMLNode.swift */,
				FEFD0D1C1FB98B6A006B56AA /* CSS.swift */,
				FEFD0D1D1FB98B6A006B56AA /* libxmlHTMLDocument.swift */,
				FEFD0D1E1FB98B6A006B56AA /* libxmlParserOption.swift */,
				FEFD0D221FB98B6A006B56AA /* Kanna.swift */,
				FEFD0D1F1FB98B6A006B56AA /* Modules */,
			);
			path = Kanna;
			sourceTree = "<group>";
		};
		FEFD0D1F1FB98B6A006B56AA /* Modules */ = {
			isa = PBXGroup;
			children = (
				FEFD0D201FB98B6A006B56AA /* libxml2-kanna.h */,
				FEFD0D211FB98B6A006B56AA /* module.modulemap */,
			);
			path = Modules;
			sourceTree = "<group>";
		};
		FEFD0D281FB9A589006B56AA /* Frameworks */ = {
			isa = PBXGroup;
			children = (
				FEFD0D301FB9A709006B56AA /* libxml2.2.tbd */,
				FEFD0D291FB9A589006B56AA /* libxml2.tbd */,
			);
			name = Frameworks;
			sourceTree = "<group>";
		};
/* End PBXGroup section */

/* Begin PBXNativeTarget section */
		FEF682F31FB9818100020845 /* quickTables */ = {
			isa = PBXNativeTarget;
			buildConfigurationList = FEF683061FB9818100020845 /* Build configuration list for PBXNativeTarget "quickTables" */;
			buildPhases = (
				FEF682F01FB9818100020845 /* Sources */,
				FEF682F11FB9818100020845 /* Frameworks */,
				FEF682F21FB9818100020845 /* Resources */,
			);
			buildRules = (
			);
			dependencies = (
			);
			name = quickTables;
			productName = quickTables;
			productReference = FEF682F41FB9818100020845 /* quickTables.app */;
			productType = "com.apple.product-type.application";
		};
/* End PBXNativeTarget section */

/* Begin PBXProject section */
		FEF682EC1FB9818100020845 /* Project object */ = {
			isa = PBXProject;
			attributes = {
				LastSwiftUpdateCheck = 0900;
				LastUpgradeCheck = 0900;
				ORGANIZATIONNAME = feodor;
				TargetAttributes = {
					FEF682F31FB9818100020845 = {
						CreatedOnToolsVersion = 9.0.1;
						ProvisioningStyle = Automatic;
					};
				};
			};
			buildConfigurationList = FEF682EF1FB9818100020845 /* Build configuration list for PBXProject "quickTables" */;
			compatibilityVersion = "Xcode 8.0";
			developmentRegion = en;
			hasScannedForEncodings = 0;
			knownRegions = (
				en,
				Base,
			);
			mainGroup = FEF682EB1FB9818100020845;
			productRefGroup = FEF682F51FB9818100020845 /* Products */;
			projectDirPath = "";
			projectRoot = "";
			targets = (
				FEF682F31FB9818100020845 /* quickTables */,
			);
		};
/* End PBXProject section */

/* Begin PBXResourcesBuildPhase section */
		FEF682F21FB9818100020845 /* Resources */ = {
			isa = PBXResourcesBuildPhase;
			buildActionMask = 2147483647;
			files = (
				FEF683021FB9818100020845 /* LaunchScreen.storyboard in Resources */,
				FEF682FF1FB9818100020845 /* Assets.xcassets in Resources */,
				FE3BFDE11FBABD4A00C09E72 /* QuickTable.xib in Resources */,
				FEF682FD1FB9818100020845 /* Main.storyboard in Resources */,
				FEBE56051FBAC45700BD5388 /* TableCell.xib in Resources */,
			);
			runOnlyForDeploymentPostprocessing = 0;
		};
/* End PBXResourcesBuildPhase section */

/* Begin PBXSourcesBuildPhase section */
		FEF682F01FB9818100020845 /* Sources */ = {
			isa = PBXSourcesBuildPhase;
			buildActionMask = 2147483647;
			files = (
				FEBE56041FBAC45700BD5388 /* TableCell.swift in Sources */,
				FEFD0D231FB98B6A006B56AA /* libxmlHTMLNode.swift in Sources */,
				FE3D9DAB1FBF1D5A000382A9 /* UIColorExtension.swift in Sources */,
				FE3D9DA71FBF1D00000382A9 /* CssLexer.swift in Sources */,
				FEFD0D261FB98B6A006B56AA /* libxmlParserOption.swift in Sources */,
				FEFD0D241FB98B6A006B56AA /* CSS.swift in Sources */,
				FE3D9DA51FBF1D00000382A9 /* CssParser.swift in Sources */,
				FEF682FA1FB9818100020845 /* ViewController.swift in Sources */,
				FEFD0D251FB98B6A006B56AA /* libxmlHTMLDocument.swift in Sources */,
				FE3BFDDF1FBABD2B00C09E72 /* QuickTable.swift in Sources */,
				FE3D9DA61FBF1D00000382A9 /* SwiftCSS.swift in Sources */,
				FEF682F81FB9818100020845 /* AppDelegate.swift in Sources */,
				FE3D9DA81FBF1D00000382A9 /* SwiftDeviceCss.swift in Sources */,
				FEFD0D271FB98B6A006B56AA /* Kanna.swift in Sources */,
				FE3D9DA91FBF1D00000382A9 /* SwiftCssTheme.swift in Sources */,
			);
			runOnlyForDeploymentPostprocessing = 0;
		};
/* End PBXSourcesBuildPhase section */

/* Begin PBXVariantGroup section */
		FEF682FB1FB9818100020845 /* Main.storyboard */ = {
			isa = PBXVariantGroup;
			children = (
				FEF682FC1FB9818100020845 /* Base */,
			);
			name = Main.storyboard;
			sourceTree = "<group>";
		};
		FEF683001FB9818100020845 /* LaunchScreen.storyboard */ = {
			isa = PBXVariantGroup;
			children = (
				FEF683011FB9818100020845 /* Base */,
			);
			name = LaunchScreen.storyboard;
			sourceTree = "<group>";
		};
/* End PBXVariantGroup section */

/* Begin XCBuildConfiguration section */
		FEF683041FB9818100020845 /* Debug */ = {
			isa = XCBuildConfiguration;
			buildSettings = {
				ALWAYS_SEARCH_USER_PATHS = NO;
				CLANG_ANALYZER_NONNULL = YES;
				CLANG_ANALYZER_NUMBER_OBJECT_CONVERSION = YES_AGGRESSIVE;
				CLANG_CXX_LANGUAGE_STANDARD = "gnu++14";
				CLANG_CXX_LIBRARY = "libc++";
				CLANG_ENABLE_MODULES = YES;
				CLANG_ENABLE_OBJC_ARC = YES;
				CLANG_WARN_BLOCK_CAPTURE_AUTORELEASING = YES;
				CLANG_WARN_BOOL_CONVERSION = YES;
				CLANG_WARN_COMMA = YES;
				CLANG_WARN_CONSTANT_CONVERSION = YES;
				CLANG_WARN_DIRECT_OBJC_ISA_USAGE = YES_ERROR;
				CLANG_WARN_DOCUMENTATION_COMMENTS = YES;
				CLANG_WARN_EMPTY_BODY = YES;
				CLANG_WARN_ENUM_CONVERSION = YES;
				CLANG_WARN_INFINITE_RECURSION = YES;
				CLANG_WARN_INT_CONVERSION = YES;
				CLANG_WARN_NON_LITERAL_NULL_CONVERSION = YES;
				CLANG_WARN_OBJC_LITERAL_CONVERSION = YES;
				CLANG_WARN_OBJC_ROOT_CLASS = YES_ERROR;
				CLANG_WARN_RANGE_LOOP_ANALYSIS = YES;
				CLANG_WARN_STRICT_PROTOTYPES = YES;
				CLANG_WARN_SUSPICIOUS_MOVE = YES;
				CLANG_WARN_UNGUARDED_AVAILABILITY = YES_AGGRESSIVE;
				CLANG_WARN_UNREACHABLE_CODE = YES;
				CLANG_WARN__DUPLICATE_METHOD_MATCH = YES;
				CODE_SIGN_IDENTITY = "iPhone Developer";
				COPY_PHASE_STRIP = NO;
				DEBUG_INFORMATION_FORMAT = dwarf;
				ENABLE_STRICT_OBJC_MSGSEND = YES;
				ENABLE_TESTABILITY = YES;
				GCC_C_LANGUAGE_STANDARD = gnu11;
				GCC_DYNAMIC_NO_PIC = NO;
				GCC_NO_COMMON_BLOCKS = YES;
				GCC_OPTIMIZATION_LEVEL = 0;
				GCC_PREPROCESSOR_DEFINITIONS = (
					"DEBUG=1",
					"$(inherited)",
				);
				GCC_WARN_64_TO_32_BIT_CONVERSION = YES;
				GCC_WARN_ABOUT_RETURN_TYPE = YES_ERROR;
				GCC_WARN_UNDECLARED_SELECTOR = YES;
				GCC_WARN_UNINITIALIZED_AUTOS = YES_AGGRESSIVE;
				GCC_WARN_UNUSED_FUNCTION = YES;
				GCC_WARN_UNUSED_VARIABLE = YES;
				IPHONEOS_DEPLOYMENT_TARGET = 11.0;
				MTL_ENABLE_DEBUG_INFO = YES;
				ONLY_ACTIVE_ARCH = YES;
				SDKROOT = iphoneos;
				SWIFT_ACTIVE_COMPILATION_CONDITIONS = DEBUG;
				SWIFT_OPTIMIZATION_LEVEL = "-Onone";
			};
			name = Debug;
		};
		FEF683051FB9818100020845 /* Release */ = {
			isa = XCBuildConfiguration;
			buildSettings = {
				ALWAYS_SEARCH_USER_PATHS = NO;
				CLANG_ANALYZER_NONNULL = YES;
				CLANG_ANALYZER_NUMBER_OBJECT_CONVERSION = YES_AGGRESSIVE;
				CLANG_CXX_LANGUAGE_STANDARD = "gnu++14";
				CLANG_CXX_LIBRARY = "libc++";
				CLANG_ENABLE_MODULES = YES;
				CLANG_ENABLE_OBJC_ARC = YES;
				CLANG_WARN_BLOCK_CAPTURE_AUTORELEASING = YES;
				CLANG_WARN_BOOL_CONVERSION = YES;
				CLANG_WARN_COMMA = YES;
				CLANG_WARN_CONSTANT_CONVERSION = YES;
				CLANG_WARN_DIRECT_OBJC_ISA_USAGE = YES_ERROR;
				CLANG_WARN_DOCUMENTATION_COMMENTS = YES;
				CLANG_WARN_EMPTY_BODY = YES;
				CLANG_WARN_ENUM_CONVERSION = YES;
				CLANG_WARN_INFINITE_RECURSION = YES;
				CLANG_WARN_INT_CONVERSION = YES;
				CLANG_WARN_NON_LITERAL_NULL_CONVERSION = YES;
				CLANG_WARN_OBJC_LITERAL_CONVERSION = YES;
				CLANG_WARN_OBJC_ROOT_CLASS = YES_ERROR;
				CLANG_WARN_RANGE_LOOP_ANALYSIS = YES;
				CLANG_WARN_STRICT_PROTOTYPES = YES;
				CLANG_WARN_SUSPICIOUS_MOVE = YES;
				CLANG_WARN_UNGUARDED_AVAILABILITY = YES_AGGRESSIVE;
				CLANG_WARN_UNREACHABLE_CODE = YES;
				CLANG_WARN__DUPLICATE_METHOD_MATCH = YES;
				CODE_SIGN_IDENTITY = "iPhone Developer";
				COPY_PHASE_STRIP = NO;
				DEBUG_INFORMATION_FORMAT = "dwarf-with-dsym";
				ENABLE_NS_ASSERTIONS = NO;
				ENABLE_STRICT_OBJC_MSGSEND = YES;
				GCC_C_LANGUAGE_STANDARD = gnu11;
				GCC_NO_COMMON_BLOCKS = YES;
				GCC_WARN_64_TO_32_BIT_CONVERSION = YES;
				GCC_WARN_ABOUT_RETURN_TYPE = YES_ERROR;
				GCC_WARN_UNDECLARED_SELECTOR = YES;
				GCC_WARN_UNINITIALIZED_AUTOS = YES_AGGRESSIVE;
				GCC_WARN_UNUSED_FUNCTION = YES;
				GCC_WARN_UNUSED_VARIABLE = YES;
				IPHONEOS_DEPLOYMENT_TARGET = 11.0;
				MTL_ENABLE_DEBUG_INFO = NO;
				SDKROOT = iphoneos;
				SWIFT_OPTIMIZATION_LEVEL = "-Owholemodule";
				VALIDATE_PRODUCT = YES;
			};
			name = Release;
		};
		FEF683071FB9818100020845 /* Debug */ = {
			isa = XCBuildConfiguration;
			buildSettings = {
				ALWAYS_SEARCH_USER_PATHS = NO;
				ASSETCATALOG_COMPILER_APPICON_NAME = AppIcon;
				CODE_SIGN_STYLE = Automatic;
				DEVELOPMENT_TEAM = 25BNR785WV;
				HEADER_SEARCH_PATHS = "$(SDKROOT)/usr/include/libxml2";
				INFOPLIST_FILE = quickTables/Info.plist;
				LD_RUNPATH_SEARCH_PATHS = "$(inherited) @executable_path/Frameworks";
				OTHER_LDFLAGS = "";
				PRODUCT_BUNDLE_IDENTIFIER = com.feodor.quickTables;
				PRODUCT_NAME = "$(TARGET_NAME)";
				SWIFT_INCLUDE_PATHS = "$(SRCROOT)/quickTables/Kanna/Modules";
				SWIFT_VERSION = 4.0;
				TARGETED_DEVICE_FAMILY = "1,2";
			};
			name = Debug;
		};
		FEF683081FB9818100020845 /* Release */ = {
			isa = XCBuildConfiguration;
			buildSettings = {
				ALWAYS_SEARCH_USER_PATHS = NO;
				ASSETCATALOG_COMPILER_APPICON_NAME = AppIcon;
				CODE_SIGN_STYLE = Automatic;
				DEVELOPMENT_TEAM = 25BNR785WV;
				HEADER_SEARCH_PATHS = "$(SDKROOT)/usr/include/libxml2";
				INFOPLIST_FILE = quickTables/Info.plist;
				LD_RUNPATH_SEARCH_PATHS = "$(inherited) @executable_path/Frameworks";
				OTHER_LDFLAGS = "";
				PRODUCT_BUNDLE_IDENTIFIER = com.feodor.quickTables;
				PRODUCT_NAME = "$(TARGET_NAME)";
				SWIFT_INCLUDE_PATHS = "$(SRCROOT)/quickTables/Kanna/Modules";
				SWIFT_VERSION = 4.0;
				TARGETED_DEVICE_FAMILY = "1,2";
			};
			name = Release;
		};
/* End XCBuildConfiguration section */

/* Begin XCConfigurationList section */
		FEF682EF1FB9818100020845 /* Build configuration list for PBXProject "quickTables" */ = {
			isa = XCConfigurationList;
			buildConfigurations = (
				FEF683041FB9818100020845 /* Debug */,
				FEF683051FB9818100020845 /* Release */,
			);
			defaultConfigurationIsVisible = 0;
			defaultConfigurationName = Release;
		};
		FEF683061FB9818100020845 /* Build configuration list for PBXNativeTarget "quickTables" */ = {
			isa = XCConfigurationList;
			buildConfigurations = (
				FEF683071FB9818100020845 /* Debug */,
				FEF683081FB9818100020845 /* Release */,
			);
			defaultConfigurationIsVisible = 0;
			defaultConfigurationName = Release;
		};
/* End XCConfigurationList section */
	};
	rootObject = FEF682EC1FB9818100020845 /* Project object */;
}
